
Microsoft Visual Studio Solution File, Format Version 12.00
# Visual Studio Version 17
VisualStudioVersion = 17.5.002.0
MinimumVisualStudioVersion = 10.0.40219.1
Project("{9A19103F-16F7-4668-BE54-9A1E7A4F7556}") = "mercado-api", "mercado-api.csproj", "{B8307E92-A892-4F7F-B072-380A2E1E2B50}"
EndProject
Global
	GlobalSection(SolutionConfigurationPlatforms) = preSolution
		Debug|Any CPU = Debug|Any CPU
		Release|Any CPU = Release|Any CPU
	EndGlobalSection
	GlobalSection(ProjectConfigurationPlatforms) = postSolution
		{B8307E92-A892-4F7F-B072-380A2E1E2B50}.Debug|Any CPU.ActiveCfg = Debug|Any CPU
		{B8307E92-A892-4F7F-B072-380A2E1E2B50}.Debug|Any CPU.Build.0 = Debug|Any CPU
		{B8307E92-A892-4F7F-B072-380A2E1E2B50}.Release|Any CPU.ActiveCfg = Release|Any CPU
		{B8307E92-A892-4F7F-B072-380A2E1E2B50}.Release|Any CPU.Build.0 = Release|Any CPU
	EndGlobalSection
	GlobalSection(SolutionProperties) = preSolution
		HideSolutionNode = FALSE
	EndGlobalSection
	GlobalSection(ExtensibilityGlobals) = postSolution
		SolutionGuid = {87793103-6EC8-4424-BE73-FAE9C032EED0}
	EndGlobalSection
EndGlobal
